
Microsoft Visual Studio Solution File, Format Version 12.00
# Visual Studio Version 17
VisualStudioVersion = 17.3.32901.215
MinimumVisualStudioVersion = 10.0.40219.1
Project("{FAE04EC0-301F-11D3-BF4B-00C04F79EFBC}") = "basittoplama", "basittoplama\basittoplama.csproj", "{60916419-E838-4C0B-AD91-279F8C327FF5}"
EndProject
Global
	GlobalSection(SolutionConfigurationPlatforms) = preSolution
		Debug|Any CPU = Debug|Any CPU
		Release|Any CPU = Release|Any CPU
	EndGlobalSection
	GlobalSection(ProjectConfigurationPlatforms) = postSolution
		{60916419-E838-4C0B-AD91-279F8C327FF5}.Debug|Any CPU.ActiveCfg = Debug|Any CPU
		{60916419-E838-4C0B-AD91-279F8C327FF5}.Debug|Any CPU.Build.0 = Debug|Any CPU
		{60916419-E838-4C0B-AD91-279F8C327FF5}.Release|Any CPU.ActiveCfg = Release|Any CPU
		{60916419-E838-4C0B-AD91-279F8C327FF5}.Release|Any CPU.Build.0 = Release|Any CPU
	EndGlobalSection
	GlobalSection(SolutionProperties) = preSolution
		HideSolutionNode = FALSE
	EndGlobalSection
	GlobalSection(ExtensibilityGlobals) = postSolution
		SolutionGuid = {76D841C2-8C3B-43E0-9563-669DA2509ADD}
	EndGlobalSection
EndGlobal
